
Microsoft Visual Studio Solution File, Format Version 12.00
# Visual Studio 15
VisualStudioVersion = 15.0.28307.271
MinimumVisualStudioVersion = 10.0.40219.1
Project("{FAE04EC0-301F-11D3-BF4B-00C04F79EFBC}") = "Lands.Android", "Lands\Lands.Android\Lands.Android.csproj", "{597AF3FD-2A41-4291-9B14-4A0CD8FA83BB}"
EndProject
Project("{FAE04EC0-301F-11D3-BF4B-00C04F79EFBC}") = "Lands.iOS", "Lands\Lands.iOS\Lands.iOS.csproj", "{185FA975-66C2-42A4-972E-D2B696CE43A5}"
EndProject
Project("{FAE04EC0-301F-11D3-BF4B-00C04F79EFBC}") = "Lands", "Lands\Lands\Lands.csproj", "{442135C4-3F6D-4729-AE63-37A29A291B57}"
EndProject
Global
	GlobalSection(SolutionConfigurationPlatforms) = preSolution
		Ad-Hoc|Any CPU = Ad-Hoc|Any CPU
		Ad-Hoc|iPhone = Ad-Hoc|iPhone
		Ad-Hoc|iPhoneSimulator = Ad-Hoc|iPhoneSimulator
		AppStore|Any CPU = AppStore|Any CPU
		AppStore|iPhone = AppStore|iPhone
		AppStore|iPhoneSimulator = AppStore|iPhoneSimulator
		Debug|Any CPU = Debug|Any CPU
		Debug|iPhone = Debug|iPhone
		Debug|iPhoneSimulator = Debug|iPhoneSimulator
		Release|Any CPU = Release|Any CPU
		Release|iPhone = Release|iPhone
		Release|iPhoneSimulator = Release|iPhoneSimulator
	EndGlobalSection
	GlobalSection(ProjectConfigurationPlatforms) = postSolution
		{597AF3FD-2A41-4291-9B14-4A0CD8FA83BB}.Ad-Hoc|Any CPU.ActiveCfg = Release|Any CPU
		{597AF3FD-2A41-4291-9B14-4A0CD8FA83BB}.Ad-Hoc|Any CPU.Build.0 = Release|Any CPU
		{597AF3FD-2A41-4291-9B14-4A0CD8FA83BB}.Ad-Hoc|Any CPU.Deploy.0 = Release|Any CPU
		{597AF3FD-2A41-4291-9B14-4A0CD8FA83BB}.Ad-Hoc|iPhone.ActiveCfg = Release|Any CPU
		{597AF3FD-2A41-4291-9B14-4A0CD8FA83BB}.Ad-Hoc|iPhone.Build.0 = Release|Any CPU
		{597AF3FD-2A41-4291-9B14-4A0CD8FA83BB}.Ad-Hoc|iPhone.Deploy.0 = Release|Any CPU
		{597AF3FD-2A41-4291-9B14-4A0CD8FA83BB}.Ad-Hoc|iPhoneSimulator.ActiveCfg = Release|Any CPU
		{597AF3FD-2A41-4291-9B14-4A0CD8FA83BB}.Ad-Hoc|iPhoneSimulator.Build.0 = Release|Any CPU
		{597AF3FD-2A41-4291-9B14-4A0CD8FA83BB}.Ad-Hoc|iPhoneSimulator.Deploy.0 = Release|Any CPU
		{597AF3FD-2A41-4291-9B14-4A0CD8FA83BB}.AppStore|Any CPU.ActiveCfg = Release|Any CPU
		{597AF3FD-2A41-4291-9B14-4A0CD8FA83BB}.AppStore|Any CPU.Build.0 = Release|Any CPU
		{597AF3FD-2A41-4291-9B14-4A0CD8FA83BB}.AppStore|Any CPU.Deploy.0 = Release|Any CPU
		{597AF3FD-2A41-4291-9B14-4A0CD8FA83BB}.AppStore|iPhone.ActiveCfg = Release|Any CPU
		{597AF3FD-2A41-4291-9B14-4A0CD8FA83BB}.AppStore|iPhone.Build.0 = Release|Any CPU
		{597AF3FD-2A41-4291-9B14-4A0CD8FA83BB}.AppStore|iPhone.Deploy.0 = Release|Any CPU
		{597AF3FD-2A41-4291-9B14-4A0CD8FA83BB}.AppStore|iPhoneSimulator.ActiveCfg = Release|Any CPU
		{597AF3FD-2A41-4291-9B14-4A0CD8FA83BB}.AppStore|iPhoneSimulator.Build.0 = Release|Any CPU
		{597AF3FD-2A41-4291-9B14-4A0CD8FA83BB}.AppStore|iPhoneSimulator.Deploy.0 = Release|Any CPU
		{597AF3FD-2A41-4291-9B14-4A0CD8FA83BB}.Debug|Any CPU.ActiveCfg = Debug|Any CPU
		{597AF3FD-2A41-4291-9B14-4A0CD8FA83BB}.Debug|Any CPU.Build.0 = Debug|Any CPU
		{597AF3FD-2A41-4291-9B14-4A0CD8FA83BB}.Debug|Any CPU.Deploy.0 = Debug|Any CPU
		{597AF3FD-2A41-4291-9B14-4A0CD8FA83BB}.Debug|iPhone.ActiveCfg = Debug|Any CPU
		{597AF3FD-2A41-4291-9B14-4A0CD8FA83BB}.Debug|iPhone.Build.0 = Debug|Any CPU
		{597AF3FD-2A41-4291-9B14-4A0CD8FA83BB}.Debug|iPhone.Deploy.0 = Debug|Any CPU
		{597AF3FD-2A41-4291-9B14-4A0CD8FA83BB}.Debug|iPhoneSimulator.ActiveCfg = Debug|Any CPU
		{597AF3FD-2A41-4291-9B14-4A0CD8FA83BB}.Debug|iPhoneSimulator.Build.0 = Debug|Any CPU
		{597AF3FD-2A41-4291-9B14-4A0CD8FA83BB}.Debug|iPhoneSimulator.Deploy.0 = Debug|Any CPU
		{597AF3FD-2A41-4291-9B14-4A0CD8FA83BB}.Release|Any CPU.ActiveCfg = Release|Any CPU
		{597AF3FD-2A41-4291-9B14-4A0CD8FA83BB}.Release|Any CPU.Build.0 = Release|Any CPU
		{597AF3FD-2A41-4291-9B14-4A0CD8FA83BB}.Release|Any CPU.Deploy.0 = Release|Any CPU
		{597AF3FD-2A41-4291-9B14-4A0CD8FA83BB}.Release|iPhone.ActiveCfg = Release|Any CPU
		{597AF3FD-2A41-4291-9B14-4A0CD8FA83BB}.Release|iPhone.Build.0 = Release|Any CPU
		{597AF3FD-2A41-4291-9B14-4A0CD8FA83BB}.Release|iPhone.Deploy.0 = Release|Any CPU
		{597AF3FD-2A41-4291-9B14-4A0CD8FA83BB}.Release|iPhoneSimulator.ActiveCfg = Release|Any CPU
		{597AF3FD-2A41-4291-9B14-4A0CD8FA83BB}.Release|iPhoneSimulator.Build.0 = Release|Any CPU
		{597AF3FD-2A41-4291-9B14-4A0CD8FA83BB}.Release|iPhoneSimulator.Deploy.0 = Release|Any CPU
		{185FA975-66C2-42A4-972E-D2B696CE43A5}.Ad-Hoc|Any CPU.ActiveCfg = Ad-Hoc|iPhone
		{185FA975-66C2-42A4-972E-D2B696CE43A5}.Ad-Hoc|Any CPU.Build.0 = Ad-Hoc|iPhone
		{185FA975-66C2-42A4-972E-D2B696CE43A5}.Ad-Hoc|Any CPU.Deploy.0 = Ad-Hoc|iPhone
		{185FA975-66C2-42A4-972E-D2B696CE43A5}.Ad-Hoc|iPhone.ActiveCfg = Ad-Hoc|iPhone
		{185FA975-66C2-42A4-972E-D2B696CE43A5}.Ad-Hoc|iPhone.Build.0 = Ad-Hoc|iPhone
		{185FA975-66C2-42A4-972E-D2B696CE43A5}.Ad-Hoc|iPhone.Deploy.0 = Ad-Hoc|iPhone
		{185FA975-66C2-42A4-972E-D2B696CE43A5}.Ad-Hoc|iPhoneSimulator.ActiveCfg = Ad-Hoc|iPhoneSimulator
		{185FA975-66C2-42A4-972E-D2B696CE43A5}.Ad-Hoc|iPhoneSimulator.Build.0 = Ad-Hoc|iPhoneSimulator
		{185FA975-66C2-42A4-972E-D2B696CE43A5}.Ad-Hoc|iPhoneSimulator.Deploy.0 = Ad-Hoc|iPhoneSimulator
		{185FA975-66C2-42A4-972E-D2B696CE43A5}.AppStore|Any CPU.ActiveCfg = AppStore|iPhone
		{185FA975-66C2-42A4-972E-D2B696CE43A5}.AppStore|Any CPU.Build.0 = AppStore|iPhone
		{185FA975-66C2-42A4-972E-D2B696CE43A5}.AppStore|Any CPU.Deploy.0 = AppStore|iPhone
		{185FA975-66C2-42A4-972E-D2B696CE43A5}.AppStore|iPhone.ActiveCfg = AppStore|iPhone
		{185FA975-66C2-42A4-972E-D2B696CE43A5}.AppStore|iPhone.Build.0 = AppStore|iPhone
		{185FA975-66C2-42A4-972E-D2B696CE43A5}.AppStore|iPhone.Deploy.0 = AppStore|iPhone
		{185FA975-66C2-42A4-972E-D2B696CE43A5}.AppStore|iPhoneSimulator.ActiveCfg = AppStore|iPhoneSimulator
		{185FA975-66C2-42A4-972E-D2B696CE43A5}.AppStore|iPhoneSimulator.Build.0 = AppStore|iPhoneSimulator
		{185FA975-66C2-42A4-972E-D2B696CE43A5}.AppStore|iPhoneSimulator.Deploy.0 = AppStore|iPhoneSimulator
		{185FA975-66C2-42A4-972E-D2B696CE43A5}.Debug|Any CPU.ActiveCfg = Debug|iPhoneSimulator
		{185FA975-66C2-42A4-972E-D2B696CE43A5}.Debug|Any CPU.Build.0 = Debug|iPhoneSimulator
		{185FA975-66C2-42A4-972E-D2B696CE43A5}.Debug|Any CPU.Deploy.0 = Debug|iPhoneSimulator
		{185FA975-66C2-42A4-972E-D2B696CE43A5}.Debug|iPhone.ActiveCfg = Debug|iPhone
		{185FA975-66C2-42A4-972E-D2B696CE43A5}.Debug|iPhone.Build.0 = Debug|iPhone
		{185FA975-66C2-42A4-972E-D2B696CE43A5}.Debug|iPhone.Deploy.0 = Debug|iPhone
		{185FA975-66C2-42A4-972E-D2B696CE43A5}.Debug|iPhoneSimulator.ActiveCfg = Debug|iPhoneSimulator
		{185FA975-66C2-42A4-972E-D2B696CE43A5}.Debug|iPhoneSimulator.Build.0 = Debug|iPhoneSimulator
		{185FA975-66C2-42A4-972E-D2B696CE43A5}.Debug|iPhoneSimulator.Deploy.0 = Debug|iPhoneSimulator
		{185FA975-66C2-42A4-972E-D2B696CE43A5}.Release|Any CPU.ActiveCfg = Release|iPhone
		{185FA975-66C2-42A4-972E-D2B696CE43A5}.Release|Any CPU.Build.0 = Release|iPhone
		{185FA975-66C2-42A4-972E-D2B696CE43A5}.Release|Any CPU.Deploy.0 = Release|iPhone
		{185FA975-66C2-42A4-972E-D2B696CE43A5}.Release|iPhone.ActiveCfg = Release|iPhone
		{185FA975-66C2-42A4-972E-D2B696CE43A5}.Release|iPhone.Build.0 = Release|iPhone
		{185FA975-66C2-42A4-972E-D2B696CE43A5}.Release|iPhone.Deploy.0 = Release|iPhone
		{185FA975-66C2-42A4-972E-D2B696CE43A5}.Release|iPhoneSimulator.ActiveCfg = Release|iPhoneSimulator
		{185FA975-66C2-42A4-972E-D2B696CE43A5}.Release|iPhoneSimulator.Build.0 = Release|iPhoneSimulator
		{185FA975-66C2-42A4-972E-D2B696CE43A5}.Release|iPhoneSimulator.Deploy.0 = Release|iPhoneSimulator
		{442135C4-3F6D-4729-AE63-37A29A291B57}.Ad-Hoc|Any CPU.ActiveCfg = Debug|Any CPU
		{442135C4-3F6D-4729-AE63-37A29A291B57}.Ad-Hoc|Any CPU.Build.0 = Debug|Any CPU
		{442135C4-3F6D-4729-AE63-37A29A291B57}.Ad-Hoc|Any CPU.Deploy.0 = Debug|Any CPU
		{442135C4-3F6D-4729-AE63-37A29A291B57}.Ad-Hoc|iPhone.ActiveCfg = Debug|Any CPU
		{442135C4-3F6D-4729-AE63-37A29A291B57}.Ad-Hoc|iPhone.Build.0 = Debug|Any CPU
		{442135C4-3F6D-4729-AE63-37A29A291B57}.Ad-Hoc|iPhone.Deploy.0 = Debug|Any CPU
		{442135C4-3F6D-4729-AE63-37A29A291B57}.Ad-Hoc|iPhoneSimulator.ActiveCfg = Debug|Any CPU
		{442135C4-3F6D-4729-AE63-37A29A291B57}.Ad-Hoc|iPhoneSimulator.Build.0 = Debug|Any CPU
		{442135C4-3F6D-4729-AE63-37A29A291B57}.Ad-Hoc|iPhoneSimulator.Deploy.0 = Debug|Any CPU
		{442135C4-3F6D-4729-AE63-37A29A291B57}.AppStore|Any CPU.ActiveCfg = Debug|Any CPU
		{442135C4-3F6D-4729-AE63-37A29A291B57}.AppStore|Any CPU.Build.0 = Debug|Any CPU
		{442135C4-3F6D-4729-AE63-37A29A291B57}.AppStore|Any CPU.Deploy.0 = Debug|Any CPU
		{442135C4-3F6D-4729-AE63-37A29A291B57}.AppStore|iPhone.ActiveCfg = Debug|Any CPU
		{442135C4-3F6D-4729-AE63-37A29A291B57}.AppStore|iPhone.Build.0 = Debug|Any CPU
		{442135C4-3F6D-4729-AE63-37A29A291B57}.AppStore|iPhone.Deploy.0 = Debug|Any CPU
		{442135C4-3F6D-4729-AE63-37A29A291B57}.AppStore|iPhoneSimulator.ActiveCfg = Debug|Any CPU
		{442135C4-3F6D-4729-AE63-37A29A291B57}.AppStore|iPhoneSimulator.Build.0 = Debug|Any CPU
		{442135C4-3F6D-4729-AE63-37A29A291B57}.AppStore|iPhoneSimulator.Deploy.0 = Debug|Any CPU
		{442135C4-3F6D-4729-AE63-37A29A291B57}.Debug|Any CPU.ActiveCfg = Debug|Any CPU
		{442135C4-3F6D-4729-AE63-37A29A291B57}.Debug|Any CPU.Build.0 = Debug|Any CPU
		{442135C4-3F6D-4729-AE63-37A29A291B57}.Debug|Any CPU.Deploy.0 = Debug|Any CPU
		{442135C4-3F6D-4729-AE63-37A29A291B57}.Debug|iPhone.ActiveCfg = Debug|Any CPU
		{442135C4-3F6D-4729-AE63-37A29A291B57}.Debug|iPhone.Build.0 = Debug|Any CPU
		{442135C4-3F6D-4729-AE63-37A29A291B57}.Debug|iPhone.Deploy.0 = Debug|Any CPU
		{442135C4-3F6D-4729-AE63-37A29A291B57}.Debug|iPhoneSimulator.ActiveCfg = Debug|Any CPU
		{442135C4-3F6D-4729-AE63-37A29A291B57}.Debug|iPhoneSimulator.Build.0 = Debug|Any CPU
		{442135C4-3F6D-4729-AE63-37A29A291B57}.Debug|iPhoneSimulator.Deploy.0 = Debug|Any CPU
		{442135C4-3F6D-4729-AE63-37A29A291B57}.Release|Any CPU.ActiveCfg = Release|Any CPU
		{442135C4-3F6D-4729-AE63-37A29A291B57}.Release|Any CPU.Build.0 = Release|Any CPU
		{442135C4-3F6D-4729-AE63-37A29A291B57}.Release|Any CPU.Deploy.0 = Release|Any CPU
		{442135C4-3F6D-4729-AE63-37A29A291B57}.Release|iPhone.ActiveCfg = Release|Any CPU
		{442135C4-3F6D-4729-AE63-37A29A291B57}.Release|iPhone.Build.0 = Release|Any CPU
		{442135C4-3F6D-4729-AE63-37A29A291B57}.Release|iPhone.Deploy.0 = Release|Any CPU
		{442135C4-3F6D-4729-AE63-37A29A291B57}.Release|iPhoneSimulator.ActiveCfg = Release|Any CPU
		{442135C4-3F6D-4729-AE63-37A29A291B57}.Release|iPhoneSimulator.Build.0 = Release|Any CPU
		{442135C4-3F6D-4729-AE63-37A29A291B57}.Release|iPhoneSimulator.Deploy.0 = Release|Any CPU
	EndGlobalSection
	GlobalSection(SolutionProperties) = preSolution
		HideSolutionNode = FALSE
	EndGlobalSection
	GlobalSection(ExtensibilityGlobals) = postSolution
		SolutionGuid = {A8D8A631-81CB-483D-A0EF-F6714EA63BC1}
	EndGlobalSection
EndGlobal
